// !$*UTF8*$!
{
	archiveVersion = 1;
	classes = {
	};
	objectVersion = 46;
	objects = {

/* Begin PBXBuildFile section */
		2DA89DA61EB101350014DF79 /* AppDelegate.swift in Sources */ = {isa = PBXBuildFile; fileRef = 2DA89DA51EB101350014DF79 /* AppDelegate.swift */; };
		2DA89DA91EB101350014DF79 /* Borrowmatic.xcdatamodeld in Sources */ = {isa = PBXBuildFile; fileRef = 2DA89DA71EB101350014DF79 /* Borrowmatic.xcdatamodeld */; };
		2DA89DAB1EB101350014DF79 /* MasterViewController.swift in Sources */ = {isa = PBXBuildFile; fileRef = 2DA89DAA1EB101350014DF79 /* MasterViewController.swift */; };
		2DA89DB01EB101350014DF79 /* Main.storyboard in Resources */ = {isa = PBXBuildFile; fileRef = 2DA89DAE1EB101350014DF79 /* Main.storyboard */; };
		2DA89DB21EB101350014DF79 /* Assets.xcassets in Resources */ = {isa = PBXBuildFile; fileRef = 2DA89DB11EB101350014DF79 /* Assets.xcassets */; };
		2DA89DB51EB101350014DF79 /* LaunchScreen.storyboard in Resources */ = {isa = PBXBuildFile; fileRef = 2DA89DB31EB101350014DF79 /* LaunchScreen.storyboard */; };
		2DA89DBD1EB122A40014DF79 /* DetailViewController.swift in Sources */ = {isa = PBXBuildFile; fileRef = 2DA89DBC1EB122A40014DF79 /* DetailViewController.swift */; };
		2DA89DBF1EB12DB70014DF79 /* UIImage+Scale.swift in Sources */ = {isa = PBXBuildFile; fileRef = 2DA89DBE1EB12DB70014DF79 /* UIImage+Scale.swift */; };
		2DA89DD61EB131120014DF79 /* GLCalendarDateRange.m in Sources */ = {isa = PBXBuildFile; fileRef = 2DA89DC21EB131120014DF79 /* GLCalendarDateRange.m */; };
		2DA89DD71EB131120014DF79 /* GLCalendarDayCell.m in Sources */ = {isa = PBXBuildFile; fileRef = 2DA89DC51EB131120014DF79 /* GLCalendarDayCell.m */; };
		2DA89DD81EB131120014DF79 /* GLCalendarDayCell.xib in Resources */ = {isa = PBXBuildFile; fileRef = 2DA89DC61EB131120014DF79 /* GLCalendarDayCell.xib */; };
		2DA89DD91EB131120014DF79 /* GLCalendarDayCellBackgroundCover.m in Sources */ = {isa = PBXBuildFile; fileRef = 2DA89DC81EB131120014DF79 /* GLCalendarDayCellBackgroundCover.m */; };
		2DA89DDA1EB131120014DF79 /* GLCalendarMonthCoverView.m in Sources */ = {isa = PBXBuildFile; fileRef = 2DA89DCA1EB131120014DF79 /* GLCalendarMonthCoverView.m */; };
		2DA89DDB1EB131120014DF79 /* GLCalendarView.m in Sources */ = {isa = PBXBuildFile; fileRef = 2DA89DCC1EB131120014DF79 /* GLCalendarView.m */; };
		2DA89DDC1EB131120014DF79 /* GLCalendarView.xib in Resources */ = {isa = PBXBuildFile; fileRef = 2DA89DCD1EB131120014DF79 /* GLCalendarView.xib */; };
		2DA89DDD1EB131120014DF79 /* GLDateUtils.m in Sources */ = {isa = PBXBuildFile; fileRef = 2DA89DCF1EB131120014DF79 /* GLDateUtils.m */; };
		2DA89DDE1EB131120014DF79 /* gl-calendar-magnify-glass.png in Resources */ = {isa = PBXBuildFile; fileRef = 2DA89DD11EB131120014DF79 /* gl-calendar-magnify-glass.png */; };
		2DA89DDF1EB131120014DF79 /* gl-calendar-magnify-glass@2x.png in Resources */ = {isa = PBXBuildFile; fileRef = 2DA89DD21EB131120014DF79 /* gl-calendar-magnify-glass@2x.png */; };
		2DA89DE01EB131120014DF79 /* gl-calendar-shadow.png in Resources */ = {isa = PBXBuildFile; fileRef = 2DA89DD31EB131120014DF79 /* gl-calendar-shadow.png */; };
		2DA89DE11EB131120014DF79 /* gl-calendar-shadow@2x.png in Resources */ = {isa = PBXBuildFile; fileRef = 2DA89DD41EB131120014DF79 /* gl-calendar-shadow@2x.png */; };
		2DA89DE21EB131120014DF79 /* gl-calendar-shadow@3x.png in Resources */ = {isa = PBXBuildFile; fileRef = 2DA89DD51EB131120014DF79 /* gl-calendar-shadow@3x.png */; };
/* End PBXBuildFile section */

/* Begin PBXFileReference section */
		2DA89DA21EB101350014DF79 /* Borrowmatic.app */ = {isa = PBXFileReference; explicitFileType = wrapper.application; includeInIndex = 0; path = Borrowmatic.app; sourceTree = BUILT_PRODUCTS_DIR; };
		2DA89DA51EB101350014DF79 /* AppDelegate.swift */ = {isa = PBXFileReference; lastKnownFileType = sourcecode.swift; path = AppDelegate.swift; sourceTree = "<group>"; };
		2DA89DA81EB101350014DF79 /* Borrowmatic.xcdatamodel */ = {isa = PBXFileReference; lastKnownFileType = wrapper.xcdatamodel; path = Borrowmatic.xcdatamodel; sourceTree = "<group>"; };
		2DA89DAA1EB101350014DF79 /* MasterViewController.swift */ = {isa = PBXFileReference; lastKnownFileType = sourcecode.swift; path = MasterViewController.swift; sourceTree = "<group>"; };
		2DA89DAF1EB101350014DF79 /* Base */ = {isa = PBXFileReference; lastKnownFileType = file.storyboard; name = Base; path = Base.lproj/Main.storyboard; sourceTree = "<group>"; };
		2DA89DB11EB101350014DF79 /* Assets.xcassets */ = {isa = PBXFileReference; lastKnownFileType = folder.assetcatalog; path = Assets.xcassets; sourceTree = "<group>"; };
		2DA89DB41EB101350014DF79 /* Base */ = {isa = PBXFileReference; lastKnownFileType = file.storyboard; name = Base; path = Base.lproj/LaunchScreen.storyboard; sourceTree = "<group>"; };
		2DA89DB61EB101350014DF79 /* Info.plist */ = {isa = PBXFileReference; lastKnownFileType = text.plist.xml; path = Info.plist; sourceTree = "<group>"; };
		2DA89DBC1EB122A40014DF79 /* DetailViewController.swift */ = {isa = PBXFileReference; fileEncoding = 4; lastKnownFileType = sourcecode.swift; path = DetailViewController.swift; sourceTree = "<group>"; };
		2DA89DBE1EB12DB70014DF79 /* UIImage+Scale.swift */ = {isa = PBXFileReference; fileEncoding = 4; lastKnownFileType = sourcecode.swift; path = "UIImage+Scale.swift"; sourceTree = "<group>"; };
		2DA89DC11EB131120014DF79 /* GLCalendarDateRange.h */ = {isa = PBXFileReference; fileEncoding = 4; lastKnownFileType = sourcecode.c.h; path = GLCalendarDateRange.h; sourceTree = "<group>"; };
		2DA89DC21EB131120014DF79 /* GLCalendarDateRange.m */ = {isa = PBXFileReference; fileEncoding = 4; lastKnownFileType = sourcecode.c.objc; path = GLCalendarDateRange.m; sourceTree = "<group>"; };
		2DA89DC41EB131120014DF79 /* GLCalendarDayCell.h */ = {isa = PBXFileReference; fileEncoding = 4; lastKnownFileType = sourcecode.c.h; path = GLCalendarDayCell.h; sourceTree = "<group>"; };
		2DA89DC51EB131120014DF79 /* GLCalendarDayCell.m */ = {isa = PBXFileReference; fileEncoding = 4; lastKnownFileType = sourcecode.c.objc; path = GLCalendarDayCell.m; sourceTree = "<group>"; };
		2DA89DC61EB131120014DF79 /* GLCalendarDayCell.xib */ = {isa = PBXFileReference; fileEncoding = 4; lastKnownFileType = file.xib; path = GLCalendarDayCell.xib; sourceTree = "<group>"; };
		2DA89DC71EB131120014DF79 /* GLCalendarDayCellBackgroundCover.h */ = {isa = PBXFileReference; fileEncoding = 4; lastKnownFileType = sourcecode.c.h; path = GLCalendarDayCellBackgroundCover.h; sourceTree = "<group>"; };
		2DA89DC81EB131120014DF79 /* GLCalendarDayCellBackgroundCover.m */ = {isa = PBXFileReference; fileEncoding = 4; lastKnownFileType = sourcecode.c.objc; path = GLCalendarDayCellBackgroundCover.m; sourceTree = "<group>"; };
		2DA89DC91EB131120014DF79 /* GLCalendarMonthCoverView.h */ = {isa = PBXFileReference; fileEncoding = 4; lastKnownFileType = sourcecode.c.h; path = GLCalendarMonthCoverView.h; sourceTree = "<group>"; };
		2DA89DCA1EB131120014DF79 /* GLCalendarMonthCoverView.m */ = {isa = PBXFileReference; fileEncoding = 4; lastKnownFileType = sourcecode.c.objc; path = GLCalendarMonthCoverView.m; sourceTree = "<group>"; };
		2DA89DCB1EB131120014DF79 /* GLCalendarView.h */ = {isa = PBXFileReference; fileEncoding = 4; lastKnownFileType = sourcecode.c.h; path = GLCalendarView.h; sourceTree = "<group>"; };
		2DA89DCC1EB131120014DF79 /* GLCalendarView.m */ = {isa = PBXFileReference; fileEncoding = 4; lastKnownFileType = sourcecode.c.objc; path = GLCalendarView.m; sourceTree = "<group>"; };
		2DA89DCD1EB131120014DF79 /* GLCalendarView.xib */ = {isa = PBXFileReference; fileEncoding = 4; lastKnownFileType = file.xib; path = GLCalendarView.xib; sourceTree = "<group>"; };
		2DA89DCE1EB131120014DF79 /* GLDateUtils.h */ = {isa = PBXFileReference; fileEncoding = 4; lastKnownFileType = sourcecode.c.h; path = GLDateUtils.h; sourceTree = "<group>"; };
		2DA89DCF1EB131120014DF79 /* GLDateUtils.m */ = {isa = PBXFileReference; fileEncoding = 4; lastKnownFileType = sourcecode.c.objc; path = GLDateUtils.m; sourceTree = "<group>"; };
		2DA89DD11EB131120014DF79 /* gl-calendar-magnify-glass.png */ = {isa = PBXFileReference; lastKnownFileType = image.png; path = "gl-calendar-magnify-glass.png"; sourceTree = "<group>"; };
		2DA89DD21EB131120014DF79 /* gl-calendar-magnify-glass@2x.png */ = {isa = PBXFileReference; lastKnownFileType = image.png; path = "gl-calendar-magnify-glass@2x.png"; sourceTree = "<group>"; };
		2DA89DD31EB131120014DF79 /* gl-calendar-shadow.png */ = {isa = PBXFileReference; lastKnownFileType = image.png; path = "gl-calendar-shadow.png"; sourceTree = "<group>"; };
		2DA89DD41EB131120014DF79 /* gl-calendar-shadow@2x.png */ = {isa = PBXFileReference; lastKnownFileType = image.png; path = "gl-calendar-shadow@2x.png"; sourceTree = "<group>"; };
		2DA89DD51EB131120014DF79 /* gl-calendar-shadow@3x.png */ = {isa = PBXFileReference; lastKnownFileType = image.png; path = "gl-calendar-shadow@3x.png"; sourceTree = "<group>"; };
		2DA89DE31EB1314B0014DF79 /* BridgingHeader.h */ = {isa = PBXFileReference; fileEncoding = 4; lastKnownFileType = sourcecode.c.h; path = BridgingHeader.h; sourceTree = "<group>"; };
/* End PBXFileReference section */

/* Begin PBXFrameworksBuildPhase section */
		2DA89D9F1EB101350014DF79 /* Frameworks */ = {
			isa = PBXFrameworksBuildPhase;
			buildActionMask = 2147483647;
			files = (
			);
			runOnlyForDeploymentPostprocessing = 0;
		};
/* End PBXFrameworksBuildPhase section */

/* Begin PBXGroup section */
		2DA89D991EB101350014DF79 = {
			isa = PBXGroup;
			children = (
				2DA89DA41EB101350014DF79 /* Borrowmatic */,
				2DA89DA31EB101350014DF79 /* Products */,
			);
			sourceTree = "<group>";
		};
		2DA89DA31EB101350014DF79 /* Products */ = {
			isa = PBXGroup;
			children = (
				2DA89DA21EB101350014DF79 /* Borrowmatic.app */,
			);
			name = Products;
			sourceTree = "<group>";
		};
		2DA89DA41EB101350014DF79 /* Borrowmatic */ = {
			isa = PBXGroup;
			children = (
				2DA89DE41EB131EF0014DF79 /* Helper */,
				2DA89DBC1EB122A40014DF79 /* DetailViewController.swift */,
				2DA89DE31EB1314B0014DF79 /* BridgingHeader.h */,
				2DA89DA51EB101350014DF79 /* AppDelegate.swift */,
				2DA89DAA1EB101350014DF79 /* MasterViewController.swift */,
				2DA89DAE1EB101350014DF79 /* Main.storyboard */,
				2DA89DB11EB101350014DF79 /* Assets.xcassets */,
				2DA89DB31EB101350014DF79 /* LaunchScreen.storyboard */,
				2DA89DB61EB101350014DF79 /* Info.plist */,
				2DA89DA71EB101350014DF79 /* Borrowmatic.xcdatamodeld */,
			);
			path = Borrowmatic;
			sourceTree = "<group>";
		};
		2DA89DC01EB131120014DF79 /* Sources */ = {
			isa = PBXGroup;
			children = (
				2DA89DC11EB131120014DF79 /* GLCalendarDateRange.h */,
				2DA89DC21EB131120014DF79 /* GLCalendarDateRange.m */,
				2DA89DC31EB131120014DF79 /* GLCalendarDayCell */,
				2DA89DC91EB131120014DF79 /* GLCalendarMonthCoverView.h */,
				2DA89DCA1EB131120014DF79 /* GLCalendarMonthCoverView.m */,
				2DA89DCB1EB131120014DF79 /* GLCalendarView.h */,
				2DA89DCC1EB131120014DF79 /* GLCalendarView.m */,
				2DA89DCD1EB131120014DF79 /* GLCalendarView.xib */,
				2DA89DCE1EB131120014DF79 /* GLDateUtils.h */,
				2DA89DCF1EB131120014DF79 /* GLDateUtils.m */,
				2DA89DD01EB131120014DF79 /* Images */,
			);
			path = Sources;
			sourceTree = "<group>";
		};
		2DA89DC31EB131120014DF79 /* GLCalendarDayCell */ = {
			isa = PBXGroup;
			children = (
				2DA89DC41EB131120014DF79 /* GLCalendarDayCell.h */,
				2DA89DC51EB131120014DF79 /* GLCalendarDayCell.m */,
				2DA89DC61EB131120014DF79 /* GLCalendarDayCell.xib */,
				2DA89DC71EB131120014DF79 /* GLCalendarDayCellBackgroundCover.h */,
				2DA89DC81EB131120014DF79 /* GLCalendarDayCellBackgroundCover.m */,
			);
			path = GLCalendarDayCell;
			sourceTree = "<group>";
		};
		2DA89DD01EB131120014DF79 /* Images */ = {
			isa = PBXGroup;
			children = (
				2DA89DD11EB131120014DF79 /* gl-calendar-magnify-glass.png */,
				2DA89DD21EB131120014DF79 /* gl-calendar-magnify-glass@2x.png */,
				2DA89DD31EB131120014DF79 /* gl-calendar-shadow.png */,
				2DA89DD41EB131120014DF79 /* gl-calendar-shadow@2x.png */,
				2DA89DD51EB131120014DF79 /* gl-calendar-shadow@3x.png */,
			);
			path = Images;
			sourceTree = "<group>";
		};
		2DA89DE41EB131EF0014DF79 /* Helper */ = {
			isa = PBXGroup;
			children = (
				2DA89DC01EB131120014DF79 /* Sources */,
				2DA89DBE1EB12DB70014DF79 /* UIImage+Scale.swift */,
			);
			name = Helper;
			sourceTree = "<group>";
		};
/* End PBXGroup section */

/* Begin PBXNativeTarget section */
		2DA89DA11EB101350014DF79 /* Borrowmatic */ = {
			isa = PBXNativeTarget;
			buildConfigurationList = 2DA89DB91EB101350014DF79 /* Build configuration list for PBXNativeTarget "Borrowmatic" */;
			buildPhases = (
				2DA89D9E1EB101350014DF79 /* Sources */,
				2DA89D9F1EB101350014DF79 /* Frameworks */,
				2DA89DA01EB101350014DF79 /* Resources */,
			);
			buildRules = (
			);
			dependencies = (
			);
			name = Borrowmatic;
			productName = Borrowmatic;
			productReference = 2DA89DA21EB101350014DF79 /* Borrowmatic.app */;
			productType = "com.apple.product-type.application";
		};
/* End PBXNativeTarget section */

/* Begin PBXProject section */
		2DA89D9A1EB101350014DF79 /* Project object */ = {
			isa = PBXProject;
			attributes = {
				LastSwiftUpdateCheck = 0820;
				LastUpgradeCheck = 0820;
				ORGANIZATIONNAME = "Ryan Lee";
				TargetAttributes = {
					2DA89DA11EB101350014DF79 = {
						CreatedOnToolsVersion = 8.2.1;
						DevelopmentTeam = 57TPTK935L;
						ProvisioningStyle = Automatic;
					};
				};
			};
			buildConfigurationList = 2DA89D9D1EB101350014DF79 /* Build configuration list for PBXProject "Borrowmatic" */;
			compatibilityVersion = "Xcode 3.2";
			developmentRegion = English;
			hasScannedForEncodings = 0;
			knownRegions = (
				en,
				Base,
			);
			mainGroup = 2DA89D991EB101350014DF79;
			productRefGroup = 2DA89DA31EB101350014DF79 /* Products */;
			projectDirPath = "";
			projectRoot = "";
			targets = (
				2DA89DA11EB101350014DF79 /* Borrowmatic */,
			);
		};
/* End PBXProject section */

/* Begin PBXResourcesBuildPhase section */
		2DA89DA01EB101350014DF79 /* Resources */ = {
			isa = PBXResourcesBuildPhase;
			buildActionMask = 2147483647;
			files = (
				2DA89DB51EB101350014DF79 /* LaunchScreen.storyboard in Resources */,
				2DA89DDF1EB131120014DF79 /* gl-calendar-magnify-glass@2x.png in Resources */,
				2DA89DE21EB131120014DF79 /* gl-calendar-shadow@3x.png in Resources */,
				2DA89DDE1EB131120014DF79 /* gl-calendar-magnify-glass.png in Resources */,
				2DA89DD81EB131120014DF79 /* GLCalendarDayCell.xib in Resources */,
				2DA89DDC1EB131120014DF79 /* GLCalendarView.xib in Resources */,
				2DA89DB21EB101350014DF79 /* Assets.xcassets in Resources */,
				2DA89DE01EB131120014DF79 /* gl-calendar-shadow.png in Resources */,
				2DA89DB01EB101350014DF79 /* Main.storyboard in Resources */,
				2DA89DE11EB131120014DF79 /* gl-calendar-shadow@2x.png in Resources */,
			);
			runOnlyForDeploymentPostprocessing = 0;
		};
/* End PBXResourcesBuildPhase section */

/* Begin PBXSourcesBuildPhase section */
		2DA89D9E1EB101350014DF79 /* Sources */ = {
			isa = PBXSourcesBuildPhase;
			buildActionMask = 2147483647;
			files = (
				2DA89DD61EB131120014DF79 /* GLCalendarDateRange.m in Sources */,
				2DA89DA61EB101350014DF79 /* AppDelegate.swift in Sources */,
				2DA89DDD1EB131120014DF79 /* GLDateUtils.m in Sources */,
				2DA89DA91EB101350014DF79 /* Borrowmatic.xcdatamodeld in Sources */,
				2DA89DDA1EB131120014DF79 /* GLCalendarMonthCoverView.m in Sources */,
				2DA89DD91EB131120014DF79 /* GLCalendarDayCellBackgroundCover.m in Sources */,
				2DA89DAB1EB101350014DF79 /* MasterViewController.swift in Sources */,
				2DA89DD71EB131120014DF79 /* GLCalendarDayCell.m in Sources */,
				2DA89DBF1EB12DB70014DF79 /* UIImage+Scale.swift in Sources */,
				2DA89DBD1EB122A40014DF79 /* DetailViewController.swift in Sources */,
				2DA89DDB1EB131120014DF79 /* GLCalendarView.m in Sources */,
			);
			runOnlyForDeploymentPostprocessing = 0;
		};
/* End PBXSourcesBuildPhase section */

/* Begin PBXVariantGroup section */
		2DA89DAE1EB101350014DF79 /* Main.storyboard */ = {
			isa = PBXVariantGroup;
			children = (
				2DA89DAF1EB101350014DF79 /* Base */,
			);
			name = Main.storyboard;
			sourceTree = "<group>";
		};
		2DA89DB31EB101350014DF79 /* LaunchScreen.storyboard */ = {
			isa = PBXVariantGroup;
			children = (
				2DA89DB41EB101350014DF79 /* Base */,
			);
			name = LaunchScreen.storyboard;
			sourceTree = "<group>";
		};
/* End PBXVariantGroup section */

/* Begin XCBuildConfiguration section */
		2DA89DB71EB101350014DF79 /* Debug */ = {
			isa = XCBuildConfiguration;
			buildSettings = {
				ALWAYS_SEARCH_USER_PATHS = NO;
				CLANG_ANALYZER_NONNULL = YES;
				CLANG_CXX_LANGUAGE_STANDARD = "gnu++0x";
				CLANG_CXX_LIBRARY = "libc++";
				CLANG_ENABLE_MODULES = YES;
				CLANG_ENABLE_OBJC_ARC = YES;
				CLANG_WARN_BOOL_CONVERSION = YES;
				CLANG_WARN_CONSTANT_CONVERSION = YES;
				CLANG_WARN_DIRECT_OBJC_ISA_USAGE = YES_ERROR;
				CLANG_WARN_DOCUMENTATION_COMMENTS = YES;
				CLANG_WARN_EMPTY_BODY = YES;
				CLANG_WARN_ENUM_CONVERSION = YES;
				CLANG_WARN_INFINITE_RECURSION = YES;
				CLANG_WARN_INT_CONVERSION = YES;
				CLANG_WARN_OBJC_ROOT_CLASS = YES_ERROR;
				CLANG_WARN_SUSPICIOUS_MOVE = YES;
				CLANG_WARN_UNREACHABLE_CODE = YES;
				CLANG_WARN__DUPLICATE_METHOD_MATCH = YES;
				"CODE_SIGN_IDENTITY[sdk=iphoneos*]" = "iPhone Developer";
				COPY_PHASE_STRIP = NO;
				DEBUG_INFORMATION_FORMAT = dwarf;
				ENABLE_STRICT_OBJC_MSGSEND = YES;
				ENABLE_TESTABILITY = YES;
				GCC_C_LANGUAGE_STANDARD = gnu99;
				GCC_DYNAMIC_NO_PIC = NO;
				GCC_NO_COMMON_BLOCKS = YES;
				GCC_OPTIMIZATION_LEVEL = 0;
				GCC_PREPROCESSOR_DEFINITIONS = (
					"DEBUG=1",
					"$(inherited)",
				);
				GCC_WARN_64_TO_32_BIT_CONVERSION = YES;
				GCC_WARN_ABOUT_RETURN_TYPE = YES_ERROR;
				GCC_WARN_UNDECLARED_SELECTOR = YES;
				GCC_WARN_UNINITIALIZED_AUTOS = YES_AGGRESSIVE;
				GCC_WARN_UNUSED_FUNCTION = YES;
				GCC_WARN_UNUSED_VARIABLE = YES;
				IPHONEOS_DEPLOYMENT_TARGET = 10.2;
				MTL_ENABLE_DEBUG_INFO = YES;
				ONLY_ACTIVE_ARCH = YES;
				SDKROOT = iphoneos;
				SWIFT_ACTIVE_COMPILATION_CONDITIONS = DEBUG;
				SWIFT_OPTIMIZATION_LEVEL = "-Onone";
			};
			name = Debug;
		};
		2DA89DB81EB101350014DF79 /* Release */ = {
			isa = XCBuildConfiguration;
			buildSettings = {
				ALWAYS_SEARCH_USER_PATHS = NO;
				CLANG_ANALYZER_NONNULL = YES;
				CLANG_CXX_LANGUAGE_STANDARD = "gnu++0x";
				CLANG_CXX_LIBRARY = "libc++";
				CLANG_ENABLE_MODULES = YES;
				CLANG_ENABLE_OBJC_ARC = YES;
				CLANG_WARN_BOOL_CONVERSION = YES;
				CLANG_WARN_CONSTANT_CONVERSION = YES;
				CLANG_WARN_DIRECT_OBJC_ISA_USAGE = YES_ERROR;
				CLANG_WARN_DOCUMENTATION_COMMENTS = YES;
				CLANG_WARN_EMPTY_BODY = YES;
				CLANG_WARN_ENUM_CONVERSION = YES;
				CLANG_WARN_INFINITE_RECURSION = YES;
				CLANG_WARN_INT_CONVERSION = YES;
				CLANG_WARN_OBJC_ROOT_CLASS = YES_ERROR;
				CLANG_WARN_SUSPICIOUS_MOVE = YES;
				CLANG_WARN_UNREACHABLE_CODE = YES;
				CLANG_WARN__DUPLICATE_METHOD_MATCH = YES;
				"CODE_SIGN_IDENTITY[sdk=iphoneos*]" = "iPhone Developer";
				COPY_PHASE_STRIP = NO;
				DEBUG_INFORMATION_FORMAT = "dwarf-with-dsym";
				ENABLE_NS_ASSERTIONS = NO;
				ENABLE_STRICT_OBJC_MSGSEND = YES;
				GCC_C_LANGUAGE_STANDARD = gnu99;
				GCC_NO_COMMON_BLOCKS = YES;
				GCC_WARN_64_TO_32_BIT_CONVERSION = YES;
				GCC_WARN_ABOUT_RETURN_TYPE = YES_ERROR;
				GCC_WARN_UNDECLARED_SELECTOR = YES;
				GCC_WARN_UNINITIALIZED_AUTOS = YES_AGGRESSIVE;
				GCC_WARN_UNUSED_FUNCTION = YES;
				GCC_WARN_UNUSED_VARIABLE = YES;
				IPHONEOS_DEPLOYMENT_TARGET = 10.2;
				MTL_ENABLE_DEBUG_INFO = NO;
				SDKROOT = iphoneos;
				SWIFT_OPTIMIZATION_LEVEL = "-Owholemodule";
				VALIDATE_PRODUCT = YES;
			};
			name = Release;
		};
		2DA89DBA1EB101350014DF79 /* Debug */ = {
			isa = XCBuildConfiguration;
			buildSettings = {
				ASSETCATALOG_COMPILER_APPICON_NAME = AppIcon;
				DEVELOPMENT_TEAM = 57TPTK935L;
				INFOPLIST_FILE = Borrowmatic/Info.plist;
				LD_RUNPATH_SEARCH_PATHS = "$(inherited) @executable_path/Frameworks";
				PRODUCT_BUNDLE_IDENTIFIER = com.ryanlee.Borrowmatic;
				PRODUCT_NAME = "$(TARGET_NAME)";
				SWIFT_OBJC_BRIDGING_HEADER = Borrowmatic/BridgingHeader.h;
				SWIFT_VERSION = 3.0;
			};
			name = Debug;
		};
		2DA89DBB1EB101350014DF79 /* Release */ = {
			isa = XCBuildConfiguration;
			buildSettings = {
				ASSETCATALOG_COMPILER_APPICON_NAME = AppIcon;
				DEVELOPMENT_TEAM = 57TPTK935L;
				INFOPLIST_FILE = Borrowmatic/Info.plist;
				LD_RUNPATH_SEARCH_PATHS = "$(inherited) @executable_path/Frameworks";
				PRODUCT_BUNDLE_IDENTIFIER = com.ryanlee.Borrowmatic;
				PRODUCT_NAME = "$(TARGET_NAME)";
				SWIFT_OBJC_BRIDGING_HEADER = Borrowmatic/BridgingHeader.h;
				SWIFT_VERSION = 3.0;
			};
			name = Release;
		};
/* End XCBuildConfiguration section */

/* Begin XCConfigurationList section */
		2DA89D9D1EB101350014DF79 /* Build configuration list for PBXProject "Borrowmatic" */ = {
			isa = XCConfigurationList;
			buildConfigurations = (
				2DA89DB71EB101350014DF79 /* Debug */,
				2DA89DB81EB101350014DF79 /* Release */,
			);
			defaultConfigurationIsVisible = 0;
			defaultConfigurationName = Release;
		};
		2DA89DB91EB101350014DF79 /* Build configuration list for PBXNativeTarget "Borrowmatic" */ = {
			isa = XCConfigurationList;
			buildConfigurations = (
				2DA89DBA1EB101350014DF79 /* Debug */,
				2DA89DBB1EB101350014DF79 /* Release */,
			);
			defaultConfigurationIsVisible = 0;
			defaultConfigurationName = Release;
		};
/* End XCConfigurationList section */

/* Begin XCVersionGroup section */
		2DA89DA71EB101350014DF79 /* Borrowmatic.xcdatamodeld */ = {
			isa = XCVersionGroup;
			children = (
				2DA89DA81EB101350014DF79 /* Borrowmatic.xcdatamodel */,
			);
			currentVersion = 2DA89DA81EB101350014DF79 /* Borrowmatic.xcdatamodel */;
			path = Borrowmatic.xcdatamodeld;
			sourceTree = "<group>";
			versionGroupType = wrapper.xcdatamodel;
		};
/* End XCVersionGroup section */
	};
	rootObject = 2DA89D9A1EB101350014DF79 /* Project object */;
}
