// !$*UTF8*$!
{
	archiveVersion = 1;
	classes = {
	};
	objectVersion = 46;
	objects = {

/* Begin PBXBuildFile section */
		2DCB7A041EAC3E3C00F86BEB /* AppDelegate.swift in Sources */ = {isa = PBXBuildFile; fileRef = 2DCB7A031EAC3E3C00F86BEB /* AppDelegate.swift */; };
		2DCB7A061EAC3E3C00F86BEB /* ViewController.swift in Sources */ = {isa = PBXBuildFile; fileRef = 2DCB7A051EAC3E3C00F86BEB /* ViewController.swift */; };
		2DCB7A091EAC3E3C00F86BEB /* Main.storyboard in Resources */ = {isa = PBXBuildFile; fileRef = 2DCB7A071EAC3E3C00F86BEB /* Main.storyboard */; };
		2DCB7A0B1EAC3E3C00F86BEB /* Assets.xcassets in Resources */ = {isa = PBXBuildFile; fileRef = 2DCB7A0A1EAC3E3C00F86BEB /* Assets.xcassets */; };
		2DCB7A0E1EAC3E3C00F86BEB /* LaunchScreen.storyboard in Resources */ = {isa = PBXBuildFile; fileRef = 2DCB7A0C1EAC3E3C00F86BEB /* LaunchScreen.storyboard */; };
/* End PBXBuildFile section */

/* Begin PBXFileReference section */
		2DCB7A001EAC3E3C00F86BEB /* SwiftSearcher.app */ = {isa = PBXFileReference; explicitFileType = wrapper.application; includeInIndex = 0; path = SwiftSearcher.app; sourceTree = BUILT_PRODUCTS_DIR; };
		2DCB7A031EAC3E3C00F86BEB /* AppDelegate.swift */ = {isa = PBXFileReference; lastKnownFileType = sourcecode.swift; path = AppDelegate.swift; sourceTree = "<group>"; };
		2DCB7A051EAC3E3C00F86BEB /* ViewController.swift */ = {isa = PBXFileReference; lastKnownFileType = sourcecode.swift; path = ViewController.swift; sourceTree = "<group>"; };
		2DCB7A081EAC3E3C00F86BEB /* Base */ = {isa = PBXFileReference; lastKnownFileType = file.storyboard; name = Base; path = Base.lproj/Main.storyboard; sourceTree = "<group>"; };
		2DCB7A0A1EAC3E3C00F86BEB /* Assets.xcassets */ = {isa = PBXFileReference; lastKnownFileType = folder.assetcatalog; path = Assets.xcassets; sourceTree = "<group>"; };
		2DCB7A0D1EAC3E3C00F86BEB /* Base */ = {isa = PBXFileReference; lastKnownFileType = file.storyboard; name = Base; path = Base.lproj/LaunchScreen.storyboard; sourceTree = "<group>"; };
		2DCB7A0F1EAC3E3C00F86BEB /* Info.plist */ = {isa = PBXFileReference; lastKnownFileType = text.plist.xml; path = Info.plist; sourceTree = "<group>"; };
/* End PBXFileReference section */

/* Begin PBXFrameworksBuildPhase section */
		2DCB79FD1EAC3E3C00F86BEB /* Frameworks */ = {
			isa = PBXFrameworksBuildPhase;
			buildActionMask = 2147483647;
			files = (
			);
			runOnlyForDeploymentPostprocessing = 0;
		};
/* End PBXFrameworksBuildPhase section */

/* Begin PBXGroup section */
		2DCB79F71EAC3E3C00F86BEB = {
			isa = PBXGroup;
			children = (
				2DCB7A021EAC3E3C00F86BEB /* SwiftSearcher */,
				2DCB7A011EAC3E3C00F86BEB /* Products */,
			);
			sourceTree = "<group>";
		};
		2DCB7A011EAC3E3C00F86BEB /* Products */ = {
			isa = PBXGroup;
			children = (
				2DCB7A001EAC3E3C00F86BEB /* SwiftSearcher.app */,
			);
			name = Products;
			sourceTree = "<group>";
		};
		2DCB7A021EAC3E3C00F86BEB /* SwiftSearcher */ = {
			isa = PBXGroup;
			children = (
				2DCB7A031EAC3E3C00F86BEB /* AppDelegate.swift */,
				2DCB7A051EAC3E3C00F86BEB /* ViewController.swift */,
				2DCB7A071EAC3E3C00F86BEB /* Main.storyboard */,
				2DCB7A0A1EAC3E3C00F86BEB /* Assets.xcassets */,
				2DCB7A0C1EAC3E3C00F86BEB /* LaunchScreen.storyboard */,
				2DCB7A0F1EAC3E3C00F86BEB /* Info.plist */,
			);
			path = SwiftSearcher;
			sourceTree = "<group>";
		};
/* End PBXGroup section */

/* Begin PBXNativeTarget section */
		2DCB79FF1EAC3E3C00F86BEB /* SwiftSearcher */ = {
			isa = PBXNativeTarget;
			buildConfigurationList = 2DCB7A121EAC3E3C00F86BEB /* Build configuration list for PBXNativeTarget "SwiftSearcher" */;
			buildPhases = (
				2DCB79FC1EAC3E3C00F86BEB /* Sources */,
				2DCB79FD1EAC3E3C00F86BEB /* Frameworks */,
				2DCB79FE1EAC3E3C00F86BEB /* Resources */,
			);
			buildRules = (
			);
			dependencies = (
			);
			name = SwiftSearcher;
			productName = SwiftSearcher;
			productReference = 2DCB7A001EAC3E3C00F86BEB /* SwiftSearcher.app */;
			productType = "com.apple.product-type.application";
		};
/* End PBXNativeTarget section */

/* Begin PBXProject section */
		2DCB79F81EAC3E3C00F86BEB /* Project object */ = {
			isa = PBXProject;
			attributes = {
				LastSwiftUpdateCheck = 0820;
				LastUpgradeCheck = 0820;
				ORGANIZATIONNAME = "Ryan Lee";
				TargetAttributes = {
					2DCB79FF1EAC3E3C00F86BEB = {
						CreatedOnToolsVersion = 8.2.1;
						DevelopmentTeam = 57TPTK935L;
						ProvisioningStyle = Automatic;
					};
				};
			};
			buildConfigurationList = 2DCB79FB1EAC3E3C00F86BEB /* Build configuration list for PBXProject "SwiftSearcher" */;
			compatibilityVersion = "Xcode 3.2";
			developmentRegion = English;
			hasScannedForEncodings = 0;
			knownRegions = (
				en,
				Base,
			);
			mainGroup = 2DCB79F71EAC3E3C00F86BEB;
			productRefGroup = 2DCB7A011EAC3E3C00F86BEB /* Products */;
			projectDirPath = "";
			projectRoot = "";
			targets = (
				2DCB79FF1EAC3E3C00F86BEB /* SwiftSearcher */,
			);
		};
/* End PBXProject section */

/* Begin PBXResourcesBuildPhase section */
		2DCB79FE1EAC3E3C00F86BEB /* Resources */ = {
			isa = PBXResourcesBuildPhase;
			buildActionMask = 2147483647;
			files = (
				2DCB7A0E1EAC3E3C00F86BEB /* LaunchScreen.storyboard in Resources */,
				2DCB7A0B1EAC3E3C00F86BEB /* Assets.xcassets in Resources */,
				2DCB7A091EAC3E3C00F86BEB /* Main.storyboard in Resources */,
			);
			runOnlyForDeploymentPostprocessing = 0;
		};
/* End PBXResourcesBuildPhase section */

/* Begin PBXSourcesBuildPhase section */
		2DCB79FC1EAC3E3C00F86BEB /* Sources */ = {
			isa = PBXSourcesBuildPhase;
			buildActionMask = 2147483647;
			files = (
				2DCB7A061EAC3E3C00F86BEB /* ViewController.swift in Sources */,
				2DCB7A041EAC3E3C00F86BEB /* AppDelegate.swift in Sources */,
			);
			runOnlyForDeploymentPostprocessing = 0;
		};
/* End PBXSourcesBuildPhase section */

/* Begin PBXVariantGroup section */
		2DCB7A071EAC3E3C00F86BEB /* Main.storyboard */ = {
			isa = PBXVariantGroup;
			children = (
				2DCB7A081EAC3E3C00F86BEB /* Base */,
			);
			name = Main.storyboard;
			sourceTree = "<group>";
		};
		2DCB7A0C1EAC3E3C00F86BEB /* LaunchScreen.storyboard */ = {
			isa = PBXVariantGroup;
			children = (
				2DCB7A0D1EAC3E3C00F86BEB /* Base */,
			);
			name = LaunchScreen.storyboard;
			sourceTree = "<group>";
		};
/* End PBXVariantGroup section */

/* Begin XCBuildConfiguration section */
		2DCB7A101EAC3E3C00F86BEB /* Debug */ = {
			isa = XCBuildConfiguration;
			buildSettings = {
				ALWAYS_SEARCH_USER_PATHS = NO;
				CLANG_ANALYZER_NONNULL = YES;
				CLANG_CXX_LANGUAGE_STANDARD = "gnu++0x";
				CLANG_CXX_LIBRARY = "libc++";
				CLANG_ENABLE_MODULES = YES;
				CLANG_ENABLE_OBJC_ARC = YES;
				CLANG_WARN_BOOL_CONVERSION = YES;
				CLANG_WARN_CONSTANT_CONVERSION = YES;
				CLANG_WARN_DIRECT_OBJC_ISA_USAGE = YES_ERROR;
				CLANG_WARN_DOCUMENTATION_COMMENTS = YES;
				CLANG_WARN_EMPTY_BODY = YES;
				CLANG_WARN_ENUM_CONVERSION = YES;
				CLANG_WARN_INFINITE_RECURSION = YES;
				CLANG_WARN_INT_CONVERSION = YES;
				CLANG_WARN_OBJC_ROOT_CLASS = YES_ERROR;
				CLANG_WARN_SUSPICIOUS_MOVE = YES;
				CLANG_WARN_UNREACHABLE_CODE = YES;
				CLANG_WARN__DUPLICATE_METHOD_MATCH = YES;
				"CODE_SIGN_IDENTITY[sdk=iphoneos*]" = "iPhone Developer";
				COPY_PHASE_STRIP = NO;
				DEBUG_INFORMATION_FORMAT = dwarf;
				ENABLE_STRICT_OBJC_MSGSEND = YES;
				ENABLE_TESTABILITY = YES;
				GCC_C_LANGUAGE_STANDARD = gnu99;
				GCC_DYNAMIC_NO_PIC = NO;
				GCC_NO_COMMON_BLOCKS = YES;
				GCC_OPTIMIZATION_LEVEL = 0;
				GCC_PREPROCESSOR_DEFINITIONS = (
					"DEBUG=1",
					"$(inherited)",
				);
				GCC_WARN_64_TO_32_BIT_CONVERSION = YES;
				GCC_WARN_ABOUT_RETURN_TYPE = YES_ERROR;
				GCC_WARN_UNDECLARED_SELECTOR = YES;
				GCC_WARN_UNINITIALIZED_AUTOS = YES_AGGRESSIVE;
				GCC_WARN_UNUSED_FUNCTION = YES;
				GCC_WARN_UNUSED_VARIABLE = YES;
				IPHONEOS_DEPLOYMENT_TARGET = 10.2;
				MTL_ENABLE_DEBUG_INFO = YES;
				ONLY_ACTIVE_ARCH = YES;
				SDKROOT = iphoneos;
				SWIFT_ACTIVE_COMPILATION_CONDITIONS = DEBUG;
				SWIFT_OPTIMIZATION_LEVEL = "-Onone";
			};
			name = Debug;
		};
		2DCB7A111EAC3E3C00F86BEB /* Release */ = {
			isa = XCBuildConfiguration;
			buildSettings = {
				ALWAYS_SEARCH_USER_PATHS = NO;
				CLANG_ANALYZER_NONNULL = YES;
				CLANG_CXX_LANGUAGE_STANDARD = "gnu++0x";
				CLANG_CXX_LIBRARY = "libc++";
				CLANG_ENABLE_MODULES = YES;
				CLANG_ENABLE_OBJC_ARC = YES;
				CLANG_WARN_BOOL_CONVERSION = YES;
				CLANG_WARN_CONSTANT_CONVERSION = YES;
				CLANG_WARN_DIRECT_OBJC_ISA_USAGE = YES_ERROR;
				CLANG_WARN_DOCUMENTATION_COMMENTS = YES;
				CLANG_WARN_EMPTY_BODY = YES;
				CLANG_WARN_ENUM_CONVERSION = YES;
				CLANG_WARN_INFINITE_RECURSION = YES;
				CLANG_WARN_INT_CONVERSION = YES;
				CLANG_WARN_OBJC_ROOT_CLASS = YES_ERROR;
				CLANG_WARN_SUSPICIOUS_MOVE = YES;
				CLANG_WARN_UNREACHABLE_CODE = YES;
				CLANG_WARN__DUPLICATE_METHOD_MATCH = YES;
				"CODE_SIGN_IDENTITY[sdk=iphoneos*]" = "iPhone Developer";
				COPY_PHASE_STRIP = NO;
				DEBUG_INFORMATION_FORMAT = "dwarf-with-dsym";
				ENABLE_NS_ASSERTIONS = NO;
				ENABLE_STRICT_OBJC_MSGSEND = YES;
				GCC_C_LANGUAGE_STANDARD = gnu99;
				GCC_NO_COMMON_BLOCKS = YES;
				GCC_WARN_64_TO_32_BIT_CONVERSION = YES;
				GCC_WARN_ABOUT_RETURN_TYPE = YES_ERROR;
				GCC_WARN_UNDECLARED_SELECTOR = YES;
				GCC_WARN_UNINITIALIZED_AUTOS = YES_AGGRESSIVE;
				GCC_WARN_UNUSED_FUNCTION = YES;
				GCC_WARN_UNUSED_VARIABLE = YES;
				IPHONEOS_DEPLOYMENT_TARGET = 10.2;
				MTL_ENABLE_DEBUG_INFO = NO;
				SDKROOT = iphoneos;
				SWIFT_OPTIMIZATION_LEVEL = "-Owholemodule";
				VALIDATE_PRODUCT = YES;
			};
			name = Release;
		};
		2DCB7A131EAC3E3C00F86BEB /* Debug */ = {
			isa = XCBuildConfiguration;
			buildSettings = {
				ASSETCATALOG_COMPILER_APPICON_NAME = AppIcon;
				DEVELOPMENT_TEAM = 57TPTK935L;
				INFOPLIST_FILE = SwiftSearcher/Info.plist;
				LD_RUNPATH_SEARCH_PATHS = "$(inherited) @executable_path/Frameworks";
				PRODUCT_BUNDLE_IDENTIFIER = com.ryanlee.SwiftSearcher;
				PRODUCT_NAME = "$(TARGET_NAME)";
				SWIFT_VERSION = 3.0;
			};
			name = Debug;
		};
		2DCB7A141EAC3E3C00F86BEB /* Release */ = {
			isa = XCBuildConfiguration;
			buildSettings = {
				ASSETCATALOG_COMPILER_APPICON_NAME = AppIcon;
				DEVELOPMENT_TEAM = 57TPTK935L;
				INFOPLIST_FILE = SwiftSearcher/Info.plist;
				LD_RUNPATH_SEARCH_PATHS = "$(inherited) @executable_path/Frameworks";
				PRODUCT_BUNDLE_IDENTIFIER = com.ryanlee.SwiftSearcher;
				PRODUCT_NAME = "$(TARGET_NAME)";
				SWIFT_VERSION = 3.0;
			};
			name = Release;
		};
/* End XCBuildConfiguration section */

/* Begin XCConfigurationList section */
		2DCB79FB1EAC3E3C00F86BEB /* Build configuration list for PBXProject "SwiftSearcher" */ = {
			isa = XCConfigurationList;
			buildConfigurations = (
				2DCB7A101EAC3E3C00F86BEB /* Debug */,
				2DCB7A111EAC3E3C00F86BEB /* Release */,
			);
			defaultConfigurationIsVisible = 0;
			defaultConfigurationName = Release;
		};
		2DCB7A121EAC3E3C00F86BEB /* Build configuration list for PBXNativeTarget "SwiftSearcher" */ = {
			isa = XCConfigurationList;
			buildConfigurations = (
				2DCB7A131EAC3E3C00F86BEB /* Debug */,
				2DCB7A141EAC3E3C00F86BEB /* Release */,
			);
			defaultConfigurationIsVisible = 0;
		};
/* End XCConfigurationList section */
	};
	rootObject = 2DCB79F81EAC3E3C00F86BEB /* Project object */;
}
