// !$*UTF8*$!
{
	archiveVersion = 1;
	classes = {
	};
	objectVersion = 46;
	objects = {

/* Begin PBXBuildFile section */
		2DA105581E96D7A400F31FEF /* AppDelegate.swift in Sources */ = {isa = PBXBuildFile; fileRef = 2DA105571E96D7A400F31FEF /* AppDelegate.swift */; };
		2DA1055A1E96D7A400F31FEF /* ViewController.swift in Sources */ = {isa = PBXBuildFile; fileRef = 2DA105591E96D7A400F31FEF /* ViewController.swift */; };
		2DA1055D1E96D7A400F31FEF /* Main.storyboard in Resources */ = {isa = PBXBuildFile; fileRef = 2DA1055B1E96D7A400F31FEF /* Main.storyboard */; };
		2DA1055F1E96D7A400F31FEF /* Assets.xcassets in Resources */ = {isa = PBXBuildFile; fileRef = 2DA1055E1E96D7A400F31FEF /* Assets.xcassets */; };
		2DA105621E96D7A400F31FEF /* LaunchScreen.storyboard in Resources */ = {isa = PBXBuildFile; fileRef = 2DA105601E96D7A400F31FEF /* LaunchScreen.storyboard */; };
/* End PBXBuildFile section */

/* Begin PBXFileReference section */
		2DA105541E96D7A400F31FEF /* Secret Swift.app */ = {isa = PBXFileReference; explicitFileType = wrapper.application; includeInIndex = 0; path = "Secret Swift.app"; sourceTree = BUILT_PRODUCTS_DIR; };
		2DA105571E96D7A400F31FEF /* AppDelegate.swift */ = {isa = PBXFileReference; lastKnownFileType = sourcecode.swift; path = AppDelegate.swift; sourceTree = "<group>"; };
		2DA105591E96D7A400F31FEF /* ViewController.swift */ = {isa = PBXFileReference; lastKnownFileType = sourcecode.swift; path = ViewController.swift; sourceTree = "<group>"; };
		2DA1055C1E96D7A400F31FEF /* Base */ = {isa = PBXFileReference; lastKnownFileType = file.storyboard; name = Base; path = Base.lproj/Main.storyboard; sourceTree = "<group>"; };
		2DA1055E1E96D7A400F31FEF /* Assets.xcassets */ = {isa = PBXFileReference; lastKnownFileType = folder.assetcatalog; path = Assets.xcassets; sourceTree = "<group>"; };
		2DA105611E96D7A400F31FEF /* Base */ = {isa = PBXFileReference; lastKnownFileType = file.storyboard; name = Base; path = Base.lproj/LaunchScreen.storyboard; sourceTree = "<group>"; };
		2DA105631E96D7A400F31FEF /* Info.plist */ = {isa = PBXFileReference; lastKnownFileType = text.plist.xml; path = Info.plist; sourceTree = "<group>"; };
/* End PBXFileReference section */

/* Begin PBXFrameworksBuildPhase section */
		2DA105511E96D7A400F31FEF /* Frameworks */ = {
			isa = PBXFrameworksBuildPhase;
			buildActionMask = 2147483647;
			files = (
			);
			runOnlyForDeploymentPostprocessing = 0;
		};
/* End PBXFrameworksBuildPhase section */

/* Begin PBXGroup section */
		2DA1054B1E96D7A400F31FEF = {
			isa = PBXGroup;
			children = (
				2DA105561E96D7A400F31FEF /* Secret Swift */,
				2DA105551E96D7A400F31FEF /* Products */,
			);
			sourceTree = "<group>";
		};
		2DA105551E96D7A400F31FEF /* Products */ = {
			isa = PBXGroup;
			children = (
				2DA105541E96D7A400F31FEF /* Secret Swift.app */,
			);
			name = Products;
			sourceTree = "<group>";
		};
		2DA105561E96D7A400F31FEF /* Secret Swift */ = {
			isa = PBXGroup;
			children = (
				2DA105571E96D7A400F31FEF /* AppDelegate.swift */,
				2DA105591E96D7A400F31FEF /* ViewController.swift */,
				2DA1055B1E96D7A400F31FEF /* Main.storyboard */,
				2DA1055E1E96D7A400F31FEF /* Assets.xcassets */,
				2DA105601E96D7A400F31FEF /* LaunchScreen.storyboard */,
				2DA105631E96D7A400F31FEF /* Info.plist */,
			);
			path = "Secret Swift";
			sourceTree = "<group>";
		};
/* End PBXGroup section */

/* Begin PBXNativeTarget section */
		2DA105531E96D7A400F31FEF /* Secret Swift */ = {
			isa = PBXNativeTarget;
			buildConfigurationList = 2DA105661E96D7A400F31FEF /* Build configuration list for PBXNativeTarget "Secret Swift" */;
			buildPhases = (
				2DA105501E96D7A400F31FEF /* Sources */,
				2DA105511E96D7A400F31FEF /* Frameworks */,
				2DA105521E96D7A400F31FEF /* Resources */,
			);
			buildRules = (
			);
			dependencies = (
			);
			name = "Secret Swift";
			productName = "Secret Swift";
			productReference = 2DA105541E96D7A400F31FEF /* Secret Swift.app */;
			productType = "com.apple.product-type.application";
		};
/* End PBXNativeTarget section */

/* Begin PBXProject section */
		2DA1054C1E96D7A400F31FEF /* Project object */ = {
			isa = PBXProject;
			attributes = {
				LastSwiftUpdateCheck = 0820;
				LastUpgradeCheck = 0820;
				ORGANIZATIONNAME = "Creaky-Door";
				TargetAttributes = {
					2DA105531E96D7A400F31FEF = {
						CreatedOnToolsVersion = 8.2.1;
						DevelopmentTeam = 57TPTK935L;
						ProvisioningStyle = Automatic;
					};
				};
			};
			buildConfigurationList = 2DA1054F1E96D7A400F31FEF /* Build configuration list for PBXProject "Secret Swift" */;
			compatibilityVersion = "Xcode 3.2";
			developmentRegion = English;
			hasScannedForEncodings = 0;
			knownRegions = (
				en,
				Base,
			);
			mainGroup = 2DA1054B1E96D7A400F31FEF;
			productRefGroup = 2DA105551E96D7A400F31FEF /* Products */;
			projectDirPath = "";
			projectRoot = "";
			targets = (
				2DA105531E96D7A400F31FEF /* Secret Swift */,
			);
		};
/* End PBXProject section */

/* Begin PBXResourcesBuildPhase section */
		2DA105521E96D7A400F31FEF /* Resources */ = {
			isa = PBXResourcesBuildPhase;
			buildActionMask = 2147483647;
			files = (
				2DA105621E96D7A400F31FEF /* LaunchScreen.storyboard in Resources */,
				2DA1055F1E96D7A400F31FEF /* Assets.xcassets in Resources */,
				2DA1055D1E96D7A400F31FEF /* Main.storyboard in Resources */,
			);
			runOnlyForDeploymentPostprocessing = 0;
		};
/* End PBXResourcesBuildPhase section */

/* Begin PBXSourcesBuildPhase section */
		2DA105501E96D7A400F31FEF /* Sources */ = {
			isa = PBXSourcesBuildPhase;
			buildActionMask = 2147483647;
			files = (
				2DA1055A1E96D7A400F31FEF /* ViewController.swift in Sources */,
				2DA105581E96D7A400F31FEF /* AppDelegate.swift in Sources */,
			);
			runOnlyForDeploymentPostprocessing = 0;
		};
/* End PBXSourcesBuildPhase section */

/* Begin PBXVariantGroup section */
		2DA1055B1E96D7A400F31FEF /* Main.storyboard */ = {
			isa = PBXVariantGroup;
			children = (
				2DA1055C1E96D7A400F31FEF /* Base */,
			);
			name = Main.storyboard;
			sourceTree = "<group>";
		};
		2DA105601E96D7A400F31FEF /* LaunchScreen.storyboard */ = {
			isa = PBXVariantGroup;
			children = (
				2DA105611E96D7A400F31FEF /* Base */,
			);
			name = LaunchScreen.storyboard;
			sourceTree = "<group>";
		};
/* End PBXVariantGroup section */

/* Begin XCBuildConfiguration section */
		2DA105641E96D7A400F31FEF /* Debug */ = {
			isa = XCBuildConfiguration;
			buildSettings = {
				ALWAYS_SEARCH_USER_PATHS = NO;
				CLANG_ANALYZER_NONNULL = YES;
				CLANG_CXX_LANGUAGE_STANDARD = "gnu++0x";
				CLANG_CXX_LIBRARY = "libc++";
				CLANG_ENABLE_MODULES = YES;
				CLANG_ENABLE_OBJC_ARC = YES;
				CLANG_WARN_BOOL_CONVERSION = YES;
				CLANG_WARN_CONSTANT_CONVERSION = YES;
				CLANG_WARN_DIRECT_OBJC_ISA_USAGE = YES_ERROR;
				CLANG_WARN_DOCUMENTATION_COMMENTS = YES;
				CLANG_WARN_EMPTY_BODY = YES;
				CLANG_WARN_ENUM_CONVERSION = YES;
				CLANG_WARN_INFINITE_RECURSION = YES;
				CLANG_WARN_INT_CONVERSION = YES;
				CLANG_WARN_OBJC_ROOT_CLASS = YES_ERROR;
				CLANG_WARN_SUSPICIOUS_MOVE = YES;
				CLANG_WARN_UNREACHABLE_CODE = YES;
				CLANG_WARN__DUPLICATE_METHOD_MATCH = YES;
				"CODE_SIGN_IDENTITY[sdk=iphoneos*]" = "iPhone Developer";
				COPY_PHASE_STRIP = NO;
				DEBUG_INFORMATION_FORMAT = dwarf;
				ENABLE_STRICT_OBJC_MSGSEND = YES;
				ENABLE_TESTABILITY = YES;
				GCC_C_LANGUAGE_STANDARD = gnu99;
				GCC_DYNAMIC_NO_PIC = NO;
				GCC_NO_COMMON_BLOCKS = YES;
				GCC_OPTIMIZATION_LEVEL = 0;
				GCC_PREPROCESSOR_DEFINITIONS = (
					"DEBUG=1",
					"$(inherited)",
				);
				GCC_WARN_64_TO_32_BIT_CONVERSION = YES;
				GCC_WARN_ABOUT_RETURN_TYPE = YES_ERROR;
				GCC_WARN_UNDECLARED_SELECTOR = YES;
				GCC_WARN_UNINITIALIZED_AUTOS = YES_AGGRESSIVE;
				GCC_WARN_UNUSED_FUNCTION = YES;
				GCC_WARN_UNUSED_VARIABLE = YES;
				IPHONEOS_DEPLOYMENT_TARGET = 10.2;
				MTL_ENABLE_DEBUG_INFO = YES;
				ONLY_ACTIVE_ARCH = YES;
				SDKROOT = iphoneos;
				SWIFT_ACTIVE_COMPILATION_CONDITIONS = DEBUG;
				SWIFT_OPTIMIZATION_LEVEL = "-Onone";
			};
			name = Debug;
		};
		2DA105651E96D7A400F31FEF /* Release */ = {
			isa = XCBuildConfiguration;
			buildSettings = {
				ALWAYS_SEARCH_USER_PATHS = NO;
				CLANG_ANALYZER_NONNULL = YES;
				CLANG_CXX_LANGUAGE_STANDARD = "gnu++0x";
				CLANG_CXX_LIBRARY = "libc++";
				CLANG_ENABLE_MODULES = YES;
				CLANG_ENABLE_OBJC_ARC = YES;
				CLANG_WARN_BOOL_CONVERSION = YES;
				CLANG_WARN_CONSTANT_CONVERSION = YES;
				CLANG_WARN_DIRECT_OBJC_ISA_USAGE = YES_ERROR;
				CLANG_WARN_DOCUMENTATION_COMMENTS = YES;
				CLANG_WARN_EMPTY_BODY = YES;
				CLANG_WARN_ENUM_CONVERSION = YES;
				CLANG_WARN_INFINITE_RECURSION = YES;
				CLANG_WARN_INT_CONVERSION = YES;
				CLANG_WARN_OBJC_ROOT_CLASS = YES_ERROR;
				CLANG_WARN_SUSPICIOUS_MOVE = YES;
				CLANG_WARN_UNREACHABLE_CODE = YES;
				CLANG_WARN__DUPLICATE_METHOD_MATCH = YES;
				"CODE_SIGN_IDENTITY[sdk=iphoneos*]" = "iPhone Developer";
				COPY_PHASE_STRIP = NO;
				DEBUG_INFORMATION_FORMAT = "dwarf-with-dsym";
				ENABLE_NS_ASSERTIONS = NO;
				ENABLE_STRICT_OBJC_MSGSEND = YES;
				GCC_C_LANGUAGE_STANDARD = gnu99;
				GCC_NO_COMMON_BLOCKS = YES;
				GCC_WARN_64_TO_32_BIT_CONVERSION = YES;
				GCC_WARN_ABOUT_RETURN_TYPE = YES_ERROR;
				GCC_WARN_UNDECLARED_SELECTOR = YES;
				GCC_WARN_UNINITIALIZED_AUTOS = YES_AGGRESSIVE;
				GCC_WARN_UNUSED_FUNCTION = YES;
				GCC_WARN_UNUSED_VARIABLE = YES;
				IPHONEOS_DEPLOYMENT_TARGET = 10.2;
				MTL_ENABLE_DEBUG_INFO = NO;
				SDKROOT = iphoneos;
				SWIFT_OPTIMIZATION_LEVEL = "-Owholemodule";
				VALIDATE_PRODUCT = YES;
			};
			name = Release;
		};
		2DA105671E96D7A400F31FEF /* Debug */ = {
			isa = XCBuildConfiguration;
			buildSettings = {
				ASSETCATALOG_COMPILER_APPICON_NAME = AppIcon;
				DEVELOPMENT_TEAM = 57TPTK935L;
				INFOPLIST_FILE = "Secret Swift/Info.plist";
				LD_RUNPATH_SEARCH_PATHS = "$(inherited) @executable_path/Frameworks";
				PRODUCT_BUNDLE_IDENTIFIER = "com.creaky-door.Secret-Swift";
				PRODUCT_NAME = "$(TARGET_NAME)";
				SWIFT_VERSION = 3.0;
			};
			name = Debug;
		};
		2DA105681E96D7A400F31FEF /* Release */ = {
			isa = XCBuildConfiguration;
			buildSettings = {
				ASSETCATALOG_COMPILER_APPICON_NAME = AppIcon;
				DEVELOPMENT_TEAM = 57TPTK935L;
				INFOPLIST_FILE = "Secret Swift/Info.plist";
				LD_RUNPATH_SEARCH_PATHS = "$(inherited) @executable_path/Frameworks";
				PRODUCT_BUNDLE_IDENTIFIER = "com.creaky-door.Secret-Swift";
				PRODUCT_NAME = "$(TARGET_NAME)";
				SWIFT_VERSION = 3.0;
			};
			name = Release;
		};
/* End XCBuildConfiguration section */

/* Begin XCConfigurationList section */
		2DA1054F1E96D7A400F31FEF /* Build configuration list for PBXProject "Secret Swift" */ = {
			isa = XCConfigurationList;
			buildConfigurations = (
				2DA105641E96D7A400F31FEF /* Debug */,
				2DA105651E96D7A400F31FEF /* Release */,
			);
			defaultConfigurationIsVisible = 0;
			defaultConfigurationName = Release;
		};
		2DA105661E96D7A400F31FEF /* Build configuration list for PBXNativeTarget "Secret Swift" */ = {
			isa = XCConfigurationList;
			buildConfigurations = (
				2DA105671E96D7A400F31FEF /* Debug */,
				2DA105681E96D7A400F31FEF /* Release */,
			);
			defaultConfigurationIsVisible = 0;
		};
/* End XCConfigurationList section */
	};
	rootObject = 2DA1054C1E96D7A400F31FEF /* Project object */;
}
